
Microsoft Visual Studio Solution File, Format Version 12.00
# Visual Studio Version 17
VisualStudioVersion = 17.9.34407.89
MinimumVisualStudioVersion = 10.0.40219.1
Project("{FAE04EC0-301F-11D3-BF4B-00C04F79EFBC}") = "ToStringGenerator", "ToStringGenerator\ToStringGenerator.csproj", "{848A5647-551B-4CD7-A10C-6730F6523515}"
EndProject
Project("{FAE04EC0-301F-11D3-BF4B-00C04F79EFBC}") = "CodeAnalysisUtilities", "CodeAnalysisUtilities\CodeAnalysisUtilities.csproj", "{83EB359F-CB65-4E39-B983-64E3530FD5D0}"
EndProject
Project("{FAE04EC0-301F-11D3-BF4B-00C04F79EFBC}") = "RoughWork", "RoughWork\RoughWork.csproj", "{B2F0202F-CB0C-436D-99A7-7D0F357DC9FB}"
EndProject
Global
	GlobalSection(SolutionConfigurationPlatforms) = preSolution
		Debug|Any CPU = Debug|Any CPU
		Release|Any CPU = Release|Any CPU
	EndGlobalSection
	GlobalSection(ProjectConfigurationPlatforms) = postSolution
		{848A5647-551B-4CD7-A10C-6730F6523515}.Debug|Any CPU.ActiveCfg = Debug|Any CPU
		{848A5647-551B-4CD7-A10C-6730F6523515}.Debug|Any CPU.Build.0 = Debug|Any CPU
		{848A5647-551B-4CD7-A10C-6730F6523515}.Release|Any CPU.ActiveCfg = Release|Any CPU
		{848A5647-551B-4CD7-A10C-6730F6523515}.Release|Any CPU.Build.0 = Release|Any CPU
		{83EB359F-CB65-4E39-B983-64E3530FD5D0}.Debug|Any CPU.ActiveCfg = Debug|Any CPU
		{83EB359F-CB65-4E39-B983-64E3530FD5D0}.Debug|Any CPU.Build.0 = Debug|Any CPU
		{83EB359F-CB65-4E39-B983-64E3530FD5D0}.Release|Any CPU.ActiveCfg = Release|Any CPU
		{83EB359F-CB65-4E39-B983-64E3530FD5D0}.Release|Any CPU.Build.0 = Release|Any CPU
		{B2F0202F-CB0C-436D-99A7-7D0F357DC9FB}.Debug|Any CPU.ActiveCfg = Debug|Any CPU
		{B2F0202F-CB0C-436D-99A7-7D0F357DC9FB}.Debug|Any CPU.Build.0 = Debug|Any CPU
		{B2F0202F-CB0C-436D-99A7-7D0F357DC9FB}.Release|Any CPU.ActiveCfg = Release|Any CPU
		{B2F0202F-CB0C-436D-99A7-7D0F357DC9FB}.Release|Any CPU.Build.0 = Release|Any CPU
	EndGlobalSection
	GlobalSection(SolutionProperties) = preSolution
		HideSolutionNode = FALSE
	EndGlobalSection
	GlobalSection(ExtensibilityGlobals) = postSolution
		SolutionGuid = {4413F62E-562B-464A-807C-19878DF492EB}
	EndGlobalSection
EndGlobal
